// !$*UTF8*$!
{
	archiveVersion = 1;
	classes = {
	};
	objectVersion = 56;
	objects = {

/* Begin PBXBuildFile section */
		466B7B5F2C59D71600EA8E56 /* TCAExampleTests2.swift in Sources */ = {isa = PBXBuildFile; fileRef = 466B7B5E2C59D71600EA8E56 /* TCAExampleTests2.swift */; };
		466B7B662C59D97800EA8E56 /* NumberFactClient.swift in Sources */ = {isa = PBXBuildFile; fileRef = 466B7B652C59D97800EA8E56 /* NumberFactClient.swift */; };
		466B7B682C59DD9100EA8E56 /* AppFeature.swift in Sources */ = {isa = PBXBuildFile; fileRef = 466B7B672C59DD9100EA8E56 /* AppFeature.swift */; };
		466B7B6A2C59E03600EA8E56 /* AppFeatureTests.swift in Sources */ = {isa = PBXBuildFile; fileRef = 466B7B692C59E03600EA8E56 /* AppFeatureTests.swift */; };
		B01627862C590B40005626C3 /* TCAExampleApp.swift in Sources */ = {isa = PBXBuildFile; fileRef = B01627852C590B40005626C3 /* TCAExampleApp.swift */; };
		B01627882C590B40005626C3 /* ContentView.swift in Sources */ = {isa = PBXBuildFile; fileRef = B01627872C590B40005626C3 /* ContentView.swift */; };
		B016278A2C590B41005626C3 /* Assets.xcassets in Resources */ = {isa = PBXBuildFile; fileRef = B01627892C590B41005626C3 /* Assets.xcassets */; };
		B016278D2C590B41005626C3 /* Preview Assets.xcassets in Resources */ = {isa = PBXBuildFile; fileRef = B016278C2C590B41005626C3 /* Preview Assets.xcassets */; };
		B01627952C590BC2005626C3 /* ComposableArchitecture in Frameworks */ = {isa = PBXBuildFile; productRef = B01627942C590BC2005626C3 /* ComposableArchitecture */; };
		B01627972C590BCB005626C3 /* CounterFeature.swift in Sources */ = {isa = PBXBuildFile; fileRef = B01627962C590BCB005626C3 /* CounterFeature.swift */; };
/* End PBXBuildFile section */

/* Begin PBXContainerItemProxy section */
		466B7B602C59D71600EA8E56 /* PBXContainerItemProxy */ = {
			isa = PBXContainerItemProxy;
			containerPortal = B016277A2C590B40005626C3 /* Project object */;
			proxyType = 1;
			remoteGlobalIDString = B01627812C590B40005626C3;
			remoteInfo = TCAExample;
		};
/* End PBXContainerItemProxy section */

/* Begin PBXFileReference section */
		46561D9B2C59C9260098DA10 /* Info.plist */ = {isa = PBXFileReference; lastKnownFileType = text.plist; path = Info.plist; sourceTree = "<group>"; };
		466B7B5C2C59D71600EA8E56 /* TCAExampleTests2.xctest */ = {isa = PBXFileReference; explicitFileType = wrapper.cfbundle; includeInIndex = 0; path = TCAExampleTests2.xctest; sourceTree = BUILT_PRODUCTS_DIR; };
		466B7B5E2C59D71600EA8E56 /* TCAExampleTests2.swift */ = {isa = PBXFileReference; lastKnownFileType = sourcecode.swift; path = TCAExampleTests2.swift; sourceTree = "<group>"; };
		466B7B652C59D97800EA8E56 /* NumberFactClient.swift */ = {isa = PBXFileReference; lastKnownFileType = sourcecode.swift; path = NumberFactClient.swift; sourceTree = "<group>"; };
		466B7B672C59DD9100EA8E56 /* AppFeature.swift */ = {isa = PBXFileReference; lastKnownFileType = sourcecode.swift; path = AppFeature.swift; sourceTree = "<group>"; };
		466B7B692C59E03600EA8E56 /* AppFeatureTests.swift */ = {isa = PBXFileReference; lastKnownFileType = sourcecode.swift; path = AppFeatureTests.swift; sourceTree = "<group>"; };
		B01627822C590B40005626C3 /* TCAExample.app */ = {isa = PBXFileReference; explicitFileType = wrapper.application; includeInIndex = 0; path = TCAExample.app; sourceTree = BUILT_PRODUCTS_DIR; };
		B01627852C590B40005626C3 /* TCAExampleApp.swift */ = {isa = PBXFileReference; lastKnownFileType = sourcecode.swift; path = TCAExampleApp.swift; sourceTree = "<group>"; };
		B01627872C590B40005626C3 /* ContentView.swift */ = {isa = PBXFileReference; lastKnownFileType = sourcecode.swift; path = ContentView.swift; sourceTree = "<group>"; };
		B01627892C590B41005626C3 /* Assets.xcassets */ = {isa = PBXFileReference; lastKnownFileType = folder.assetcatalog; path = Assets.xcassets; sourceTree = "<group>"; };
		B016278C2C590B41005626C3 /* Preview Assets.xcassets */ = {isa = PBXFileReference; lastKnownFileType = folder.assetcatalog; path = "Preview Assets.xcassets"; sourceTree = "<group>"; };
		B01627962C590BCB005626C3 /* CounterFeature.swift */ = {isa = PBXFileReference; lastKnownFileType = sourcecode.swift; path = CounterFeature.swift; sourceTree = "<group>"; };
/* End PBXFileReference section */

/* Begin PBXFrameworksBuildPhase section */
		466B7B592C59D71600EA8E56 /* Frameworks */ = {
			isa = PBXFrameworksBuildPhase;
			buildActionMask = 2147483647;
			files = (
			);
			runOnlyForDeploymentPostprocessing = 0;
		};
		B016277F2C590B40005626C3 /* Frameworks */ = {
			isa = PBXFrameworksBuildPhase;
			buildActionMask = 2147483647;
			files = (
				B01627952C590BC2005626C3 /* ComposableArchitecture in Frameworks */,
			);
			runOnlyForDeploymentPostprocessing = 0;
		};
/* End PBXFrameworksBuildPhase section */

/* Begin PBXGroup section */
		466B7B5D2C59D71600EA8E56 /* TCAExampleTests2 */ = {
			isa = PBXGroup;
			children = (
				466B7B5E2C59D71600EA8E56 /* TCAExampleTests2.swift */,
				466B7B692C59E03600EA8E56 /* AppFeatureTests.swift */,
			);
			path = TCAExampleTests2;
			sourceTree = "<group>";
		};
		B01627792C590B40005626C3 = {
			isa = PBXGroup;
			children = (
				B01627842C590B40005626C3 /* TCAExample */,
				466B7B5D2C59D71600EA8E56 /* TCAExampleTests2 */,
				B01627832C590B40005626C3 /* Products */,
			);
			sourceTree = "<group>";
		};
		B01627832C590B40005626C3 /* Products */ = {
			isa = PBXGroup;
			children = (
				B01627822C590B40005626C3 /* TCAExample.app */,
				466B7B5C2C59D71600EA8E56 /* TCAExampleTests2.xctest */,
			);
			name = Products;
			sourceTree = "<group>";
		};
		B01627842C590B40005626C3 /* TCAExample */ = {
			isa = PBXGroup;
			children = (
				46561D9B2C59C9260098DA10 /* Info.plist */,
				B01627852C590B40005626C3 /* TCAExampleApp.swift */,
				B01627872C590B40005626C3 /* ContentView.swift */,
				B01627892C590B41005626C3 /* Assets.xcassets */,
				B016278B2C590B41005626C3 /* Preview Content */,
				B01627962C590BCB005626C3 /* CounterFeature.swift */,
				466B7B652C59D97800EA8E56 /* NumberFactClient.swift */,
				466B7B672C59DD9100EA8E56 /* AppFeature.swift */,
			);
			path = TCAExample;
			sourceTree = "<group>";
		};
		B016278B2C590B41005626C3 /* Preview Content */ = {
			isa = PBXGroup;
			children = (
				B016278C2C590B41005626C3 /* Preview Assets.xcassets */,
			);
			path = "Preview Content";
			sourceTree = "<group>";
		};
/* End PBXGroup section */

/* Begin PBXNativeTarget section */
		466B7B5B2C59D71600EA8E56 /* TCAExampleTests2 */ = {
			isa = PBXNativeTarget;
			buildConfigurationList = 466B7B622C59D71600EA8E56 /* Build configuration list for PBXNativeTarget "TCAExampleTests2" */;
			buildPhases = (
				466B7B582C59D71600EA8E56 /* Sources */,
				466B7B592C59D71600EA8E56 /* Frameworks */,
				466B7B5A2C59D71600EA8E56 /* Resources */,
			);
			buildRules = (
			);
			dependencies = (
				466B7B612C59D71600EA8E56 /* PBXTargetDependency */,
			);
			name = TCAExampleTests2;
			productName = TCAExampleTests2;
			productReference = 466B7B5C2C59D71600EA8E56 /* TCAExampleTests2.xctest */;
			productType = "com.apple.product-type.bundle.unit-test";
		};
		B01627812C590B40005626C3 /* TCAExample */ = {
			isa = PBXNativeTarget;
			buildConfigurationList = B01627902C590B41005626C3 /* Build configuration list for PBXNativeTarget "TCAExample" */;
			buildPhases = (
				B016277E2C590B40005626C3 /* Sources */,
				B016277F2C590B40005626C3 /* Frameworks */,
				B01627802C590B40005626C3 /* Resources */,
			);
			buildRules = (
			);
			dependencies = (
			);
			name = TCAExample;
			packageProductDependencies = (
				B01627942C590BC2005626C3 /* ComposableArchitecture */,
			);
			productName = TCAExample;
			productReference = B01627822C590B40005626C3 /* TCAExample.app */;
			productType = "com.apple.product-type.application";
		};
/* End PBXNativeTarget section */

/* Begin PBXProject section */
		B016277A2C590B40005626C3 /* Project object */ = {
			isa = PBXProject;
			attributes = {
				BuildIndependentTargetsInParallel = 1;
				LastSwiftUpdateCheck = 1540;
				LastUpgradeCheck = 1540;
				TargetAttributes = {
					466B7B5B2C59D71600EA8E56 = {
						CreatedOnToolsVersion = 15.4;
						TestTargetID = B01627812C590B40005626C3;
					};
					B01627812C590B40005626C3 = {
						CreatedOnToolsVersion = 15.4;
					};
				};
			};
			buildConfigurationList = B016277D2C590B40005626C3 /* Build configuration list for PBXProject "TCAExample" */;
			compatibilityVersion = "Xcode 14.0";
			developmentRegion = en;
			hasScannedForEncodings = 0;
			knownRegions = (
				en,
				Base,
			);
			mainGroup = B01627792C590B40005626C3;
			packageReferences = (
				B01627932C590BC2005626C3 /* XCRemoteSwiftPackageReference "swift-composable-architecture" */,
			);
			productRefGroup = B01627832C590B40005626C3 /* Products */;
			projectDirPath = "";
			projectRoot = "";
			targets = (
				B01627812C590B40005626C3 /* TCAExample */,
				466B7B5B2C59D71600EA8E56 /* TCAExampleTests2 */,
			);
		};
/* End PBXProject section */

/* Begin PBXResourcesBuildPhase section */
		466B7B5A2C59D71600EA8E56 /* Resources */ = {
			isa = PBXResourcesBuildPhase;
			buildActionMask = 2147483647;
			files = (
			);
			runOnlyForDeploymentPostprocessing = 0;
		};
		B01627802C590B40005626C3 /* Resources */ = {
			isa = PBXResourcesBuildPhase;
			buildActionMask = 2147483647;
			files = (
				B016278D2C590B41005626C3 /* Preview Assets.xcassets in Resources */,
				B016278A2C590B41005626C3 /* Assets.xcassets in Resources */,
			);
			runOnlyForDeploymentPostprocessing = 0;
		};
/* End PBXResourcesBuildPhase section */

/* Begin PBXSourcesBuildPhase section */
		466B7B582C59D71600EA8E56 /* Sources */ = {
			isa = PBXSourcesBuildPhase;
			buildActionMask = 2147483647;
			files = (
				466B7B6A2C59E03600EA8E56 /* AppFeatureTests.swift in Sources */,
				466B7B5F2C59D71600EA8E56 /* TCAExampleTests2.swift in Sources */,
			);
			runOnlyForDeploymentPostprocessing = 0;
		};
		B016277E2C590B40005626C3 /* Sources */ = {
			isa = PBXSourcesBuildPhase;
			buildActionMask = 2147483647;
			files = (
				B01627972C590BCB005626C3 /* CounterFeature.swift in Sources */,
				B01627882C590B40005626C3 /* ContentView.swift in Sources */,
				B01627862C590B40005626C3 /* TCAExampleApp.swift in Sources */,
				466B7B682C59DD9100EA8E56 /* AppFeature.swift in Sources */,
				466B7B662C59D97800EA8E56 /* NumberFactClient.swift in Sources */,
			);
			runOnlyForDeploymentPostprocessing = 0;
		};
/* End PBXSourcesBuildPhase section */

/* Begin PBXTargetDependency section */
		466B7B612C59D71600EA8E56 /* PBXTargetDependency */ = {
			isa = PBXTargetDependency;
			target = B01627812C590B40005626C3 /* TCAExample */;
			targetProxy = 466B7B602C59D71600EA8E56 /* PBXContainerItemProxy */;
		};
/* End PBXTargetDependency section */

/* Begin XCBuildConfiguration section */
		466B7B632C59D71600EA8E56 /* Debug */ = {
			isa = XCBuildConfiguration;
			buildSettings = {
				BUNDLE_LOADER = "$(TEST_HOST)";
				CODE_SIGN_STYLE = Automatic;
				CURRENT_PROJECT_VERSION = 1;
				DEVELOPMENT_TEAM = U9B2QVCTVS;
				GENERATE_INFOPLIST_FILE = YES;
				MARKETING_VERSION = 1.0;
				PRODUCT_BUNDLE_IDENTIFIER = me.codecamper.TCAExampleTests2;
				PRODUCT_NAME = "$(TARGET_NAME)";
				SWIFT_EMIT_LOC_STRINGS = NO;
				SWIFT_VERSION = 5.0;
				TARGETED_DEVICE_FAMILY = "1,2";
				TEST_HOST = "$(BUILT_PRODUCTS_DIR)/TCAExample.app/$(BUNDLE_EXECUTABLE_FOLDER_PATH)/TCAExample";
			};
			name = Debug;
		};
		466B7B642C59D71600EA8E56 /* Release */ = {
			isa = XCBuildConfiguration;
			buildSettings = {
				BUNDLE_LOADER = "$(TEST_HOST)";
				CODE_SIGN_STYLE = Automatic;
				CURRENT_PROJECT_VERSION = 1;
				DEVELOPMENT_TEAM = U9B2QVCTVS;
				GENERATE_INFOPLIST_FILE = YES;
				MARKETING_VERSION = 1.0;
				PRODUCT_BUNDLE_IDENTIFIER = me.codecamper.TCAExampleTests2;
				PRODUCT_NAME = "$(TARGET_NAME)";
				SWIFT_EMIT_LOC_STRINGS = NO;
				SWIFT_VERSION = 5.0;
				TARGETED_DEVICE_FAMILY = "1,2";
				TEST_HOST = "$(BUILT_PRODUCTS_DIR)/TCAExample.app/$(BUNDLE_EXECUTABLE_FOLDER_PATH)/TCAExample";
			};
			name = Release;
		};
		B016278E2C590B41005626C3 /* Debug */ = {
			isa = XCBuildConfiguration;
			buildSettings = {
				ALWAYS_SEARCH_USER_PATHS = NO;
				ASSETCATALOG_COMPILER_GENERATE_SWIFT_ASSET_SYMBOL_EXTENSIONS = YES;
				CLANG_ANALYZER_NONNULL = YES;
				CLANG_ANALYZER_NUMBER_OBJECT_CONVERSION = YES_AGGRESSIVE;
				CLANG_CXX_LANGUAGE_STANDARD = "gnu++20";
				CLANG_ENABLE_MODULES = YES;
				CLANG_ENABLE_OBJC_ARC = YES;
				CLANG_ENABLE_OBJC_WEAK = YES;
				CLANG_WARN_BLOCK_CAPTURE_AUTORELEASING = YES;
				CLANG_WARN_BOOL_CONVERSION = YES;
				CLANG_WARN_COMMA = YES;
				CLANG_WARN_CONSTANT_CONVERSION = YES;
				CLANG_WARN_DEPRECATED_OBJC_IMPLEMENTATIONS = YES;
				CLANG_WARN_DIRECT_OBJC_ISA_USAGE = YES_ERROR;
				CLANG_WARN_DOCUMENTATION_COMMENTS = YES;
				CLANG_WARN_EMPTY_BODY = YES;
				CLANG_WARN_ENUM_CONVERSION = YES;
				CLANG_WARN_INFINITE_RECURSION = YES;
				CLANG_WARN_INT_CONVERSION = YES;
				CLANG_WARN_NON_LITERAL_NULL_CONVERSION = YES;
				CLANG_WARN_OBJC_IMPLICIT_RETAIN_SELF = YES;
				CLANG_WARN_OBJC_LITERAL_CONVERSION = YES;
				CLANG_WARN_OBJC_ROOT_CLASS = YES_ERROR;
				CLANG_WARN_QUOTED_INCLUDE_IN_FRAMEWORK_HEADER = YES;
				CLANG_WARN_RANGE_LOOP_ANALYSIS = YES;
				CLANG_WARN_STRICT_PROTOTYPES = YES;
				CLANG_WARN_SUSPICIOUS_MOVE = YES;
				CLANG_WARN_UNGUARDED_AVAILABILITY = YES_AGGRESSIVE;
				CLANG_WARN_UNREACHABLE_CODE = YES;
				CLANG_WARN__DUPLICATE_METHOD_MATCH = YES;
				COPY_PHASE_STRIP = NO;
				DEBUG_INFORMATION_FORMAT = dwarf;
				ENABLE_STRICT_OBJC_MSGSEND = YES;
				ENABLE_TESTABILITY = YES;
				ENABLE_USER_SCRIPT_SANDBOXING = YES;
				GCC_C_LANGUAGE_STANDARD = gnu17;
				GCC_DYNAMIC_NO_PIC = NO;
				GCC_NO_COMMON_BLOCKS = YES;
				GCC_OPTIMIZATION_LEVEL = 0;
				GCC_PREPROCESSOR_DEFINITIONS = (
					"DEBUG=1",
					"$(inherited)",
				);
				GCC_WARN_64_TO_32_BIT_CONVERSION = YES;
				GCC_WARN_ABOUT_RETURN_TYPE = YES_ERROR;
				GCC_WARN_UNDECLARED_SELECTOR = YES;
				GCC_WARN_UNINITIALIZED_AUTOS = YES_AGGRESSIVE;
				GCC_WARN_UNUSED_FUNCTION = YES;
				GCC_WARN_UNUSED_VARIABLE = YES;
				IPHONEOS_DEPLOYMENT_TARGET = 17.5;
				LOCALIZATION_PREFERS_STRING_CATALOGS = YES;
				MTL_ENABLE_DEBUG_INFO = INCLUDE_SOURCE;
				MTL_FAST_MATH = YES;
				ONLY_ACTIVE_ARCH = YES;
				SDKROOT = iphoneos;
				SWIFT_ACTIVE_COMPILATION_CONDITIONS = "DEBUG $(inherited)";
				SWIFT_OPTIMIZATION_LEVEL = "-Onone";
			};
			name = Debug;
		};
		B016278F2C590B41005626C3 /* Release */ = {
			isa = XCBuildConfiguration;
			buildSettings = {
				ALWAYS_SEARCH_USER_PATHS = NO;
				ASSETCATALOG_COMPILER_GENERATE_SWIFT_ASSET_SYMBOL_EXTENSIONS = YES;
				CLANG_ANALYZER_NONNULL = YES;
				CLANG_ANALYZER_NUMBER_OBJECT_CONVERSION = YES_AGGRESSIVE;
				CLANG_CXX_LANGUAGE_STANDARD = "gnu++20";
				CLANG_ENABLE_MODULES = YES;
				CLANG_ENABLE_OBJC_ARC = YES;
				CLANG_ENABLE_OBJC_WEAK = YES;
				CLANG_WARN_BLOCK_CAPTURE_AUTORELEASING = YES;
				CLANG_WARN_BOOL_CONVERSION = YES;
				CLANG_WARN_COMMA = YES;
				CLANG_WARN_CONSTANT_CONVERSION = YES;
				CLANG_WARN_DEPRECATED_OBJC_IMPLEMENTATIONS = YES;
				CLANG_WARN_DIRECT_OBJC_ISA_USAGE = YES_ERROR;
				CLANG_WARN_DOCUMENTATION_COMMENTS = YES;
				CLANG_WARN_EMPTY_BODY = YES;
				CLANG_WARN_ENUM_CONVERSION = YES;
				CLANG_WARN_INFINITE_RECURSION = YES;
				CLANG_WARN_INT_CONVERSION = YES;
				CLANG_WARN_NON_LITERAL_NULL_CONVERSION = YES;
				CLANG_WARN_OBJC_IMPLICIT_RETAIN_SELF = YES;
				CLANG_WARN_OBJC_LITERAL_CONVERSION = YES;
				CLANG_WARN_OBJC_ROOT_CLASS = YES_ERROR;
				CLANG_WARN_QUOTED_INCLUDE_IN_FRAMEWORK_HEADER = YES;
				CLANG_WARN_RANGE_LOOP_ANALYSIS = YES;
				CLANG_WARN_STRICT_PROTOTYPES = YES;
				CLANG_WARN_SUSPICIOUS_MOVE = YES;
				CLANG_WARN_UNGUARDED_AVAILABILITY = YES_AGGRESSIVE;
				CLANG_WARN_UNREACHABLE_CODE = YES;
				CLANG_WARN__DUPLICATE_METHOD_MATCH = YES;
				COPY_PHASE_STRIP = NO;
				DEBUG_INFORMATION_FORMAT = "dwarf-with-dsym";
				ENABLE_NS_ASSERTIONS = NO;
				ENABLE_STRICT_OBJC_MSGSEND = YES;
				ENABLE_USER_SCRIPT_SANDBOXING = YES;
				GCC_C_LANGUAGE_STANDARD = gnu17;
				GCC_NO_COMMON_BLOCKS = YES;
				GCC_WARN_64_TO_32_BIT_CONVERSION = YES;
				GCC_WARN_ABOUT_RETURN_TYPE = YES_ERROR;
				GCC_WARN_UNDECLARED_SELECTOR = YES;
				GCC_WARN_UNINITIALIZED_AUTOS = YES_AGGRESSIVE;
				GCC_WARN_UNUSED_FUNCTION = YES;
				GCC_WARN_UNUSED_VARIABLE = YES;
				IPHONEOS_DEPLOYMENT_TARGET = 17.5;
				LOCALIZATION_PREFERS_STRING_CATALOGS = YES;
				MTL_ENABLE_DEBUG_INFO = NO;
				MTL_FAST_MATH = YES;
				SDKROOT = iphoneos;
				SWIFT_COMPILATION_MODE = wholemodule;
				VALIDATE_PRODUCT = YES;
			};
			name = Release;
		};
		B01627912C590B41005626C3 /* Debug */ = {
			isa = XCBuildConfiguration;
			buildSettings = {
				ASSETCATALOG_COMPILER_APPICON_NAME = AppIcon;
				ASSETCATALOG_COMPILER_GLOBAL_ACCENT_COLOR_NAME = AccentColor;
				CODE_SIGN_STYLE = Automatic;
				CURRENT_PROJECT_VERSION = 1;
				DEVELOPMENT_ASSET_PATHS = "\"TCAExample/Preview Content\"";
				DEVELOPMENT_TEAM = U9B2QVCTVS;
				ENABLE_PREVIEWS = YES;
				GENERATE_INFOPLIST_FILE = YES;
				INFOPLIST_FILE = TCAExample/Info.plist;
				INFOPLIST_KEY_UIApplicationSceneManifest_Generation = YES;
				INFOPLIST_KEY_UIApplicationSupportsIndirectInputEvents = YES;
				INFOPLIST_KEY_UILaunchScreen_Generation = YES;
				INFOPLIST_KEY_UISupportedInterfaceOrientations_iPad = "UIInterfaceOrientationPortrait UIInterfaceOrientationPortraitUpsideDown UIInterfaceOrientationLandscapeLeft UIInterfaceOrientationLandscapeRight";
				INFOPLIST_KEY_UISupportedInterfaceOrientations_iPhone = "UIInterfaceOrientationPortrait UIInterfaceOrientationLandscapeLeft UIInterfaceOrientationLandscapeRight";
				LD_RUNPATH_SEARCH_PATHS = (
					"$(inherited)",
					"@executable_path/Frameworks",
				);
				MARKETING_VERSION = 1.0;
				PRODUCT_BUNDLE_IDENTIFIER = me.codecamper.TCAExample;
				PRODUCT_NAME = "$(TARGET_NAME)";
				SWIFT_EMIT_LOC_STRINGS = YES;
				SWIFT_VERSION = 5.0;
				TARGETED_DEVICE_FAMILY = "1,2";
			};
			name = Debug;
		};
		B01627922C590B41005626C3 /* Release */ = {
			isa = XCBuildConfiguration;
			buildSettings = {
				ASSETCATALOG_COMPILER_APPICON_NAME = AppIcon;
				ASSETCATALOG_COMPILER_GLOBAL_ACCENT_COLOR_NAME = AccentColor;
				CODE_SIGN_STYLE = Automatic;
				CURRENT_PROJECT_VERSION = 1;
				DEVELOPMENT_ASSET_PATHS = "\"TCAExample/Preview Content\"";
				DEVELOPMENT_TEAM = U9B2QVCTVS;
				ENABLE_PREVIEWS = YES;
				GENERATE_INFOPLIST_FILE = YES;
				INFOPLIST_FILE = TCAExample/Info.plist;
				INFOPLIST_KEY_UIApplicationSceneManifest_Generation = YES;
				INFOPLIST_KEY_UIApplicationSupportsIndirectInputEvents = YES;
				INFOPLIST_KEY_UILaunchScreen_Generation = YES;
				INFOPLIST_KEY_UISupportedInterfaceOrientations_iPad = "UIInterfaceOrientationPortrait UIInterfaceOrientationPortraitUpsideDown UIInterfaceOrientationLandscapeLeft UIInterfaceOrientationLandscapeRight";
				INFOPLIST_KEY_UISupportedInterfaceOrientations_iPhone = "UIInterfaceOrientationPortrait UIInterfaceOrientationLandscapeLeft UIInterfaceOrientationLandscapeRight";
				LD_RUNPATH_SEARCH_PATHS = (
					"$(inherited)",
					"@executable_path/Frameworks",
				);
				MARKETING_VERSION = 1.0;
				PRODUCT_BUNDLE_IDENTIFIER = me.codecamper.TCAExample;
				PRODUCT_NAME = "$(TARGET_NAME)";
				SWIFT_EMIT_LOC_STRINGS = YES;
				SWIFT_VERSION = 5.0;
				TARGETED_DEVICE_FAMILY = "1,2";
			};
			name = Release;
		};
/* End XCBuildConfiguration section */

/* Begin XCConfigurationList section */
		466B7B622C59D71600EA8E56 /* Build configuration list for PBXNativeTarget "TCAExampleTests2" */ = {
			isa = XCConfigurationList;
			buildConfigurations = (
				466B7B632C59D71600EA8E56 /* Debug */,
				466B7B642C59D71600EA8E56 /* Release */,
			);
			defaultConfigurationIsVisible = 0;
			defaultConfigurationName = Release;
		};
		B016277D2C590B40005626C3 /* Build configuration list for PBXProject "TCAExample" */ = {
			isa = XCConfigurationList;
			buildConfigurations = (
				B016278E2C590B41005626C3 /* Debug */,
				B016278F2C590B41005626C3 /* Release */,
			);
			defaultConfigurationIsVisible = 0;
			defaultConfigurationName = Release;
		};
		B01627902C590B41005626C3 /* Build configuration list for PBXNativeTarget "TCAExample" */ = {
			isa = XCConfigurationList;
			buildConfigurations = (
				B01627912C590B41005626C3 /* Debug */,
				B01627922C590B41005626C3 /* Release */,
			);
			defaultConfigurationIsVisible = 0;
			defaultConfigurationName = Release;
		};
/* End XCConfigurationList section */

/* Begin XCRemoteSwiftPackageReference section */
		B01627932C590BC2005626C3 /* XCRemoteSwiftPackageReference "swift-composable-architecture" */ = {
			isa = XCRemoteSwiftPackageReference;
			repositoryURL = "https://github.com/pointfreeco/swift-composable-architecture.git";
			requirement = {
				kind = upToNextMajorVersion;
				minimumVersion = 1.12.1;
			};
		};
/* End XCRemoteSwiftPackageReference section */

/* Begin XCSwiftPackageProductDependency section */
		B01627942C590BC2005626C3 /* ComposableArchitecture */ = {
			isa = XCSwiftPackageProductDependency;
			package = B01627932C590BC2005626C3 /* XCRemoteSwiftPackageReference "swift-composable-architecture" */;
			productName = ComposableArchitecture;
		};
/* End XCSwiftPackageProductDependency section */
	};
	rootObject = B016277A2C590B40005626C3 /* Project object */;
}
